
Microsoft Visual Studio Solution File, Format Version 12.00
# Visual Studio Version 17
VisualStudioVersion = 17.8.34322.80
MinimumVisualStudioVersion = 10.0.40219.1
Project("{FAE04EC0-301F-11D3-BF4B-00C04F79EFBC}") = "sonastik2", "sonastik2\sonastik2.csproj", "{BA80CE01-1635-4E1E-A959-19662B5D7BEF}"
EndProject
Global
	GlobalSection(SolutionConfigurationPlatforms) = preSolution
		Debug|Any CPU = Debug|Any CPU
		Release|Any CPU = Release|Any CPU
	EndGlobalSection
	GlobalSection(ProjectConfigurationPlatforms) = postSolution
		{BA80CE01-1635-4E1E-A959-19662B5D7BEF}.Debug|Any CPU.ActiveCfg = Debug|Any CPU
		{BA80CE01-1635-4E1E-A959-19662B5D7BEF}.Debug|Any CPU.Build.0 = Debug|Any CPU
		{BA80CE01-1635-4E1E-A959-19662B5D7BEF}.Release|Any CPU.ActiveCfg = Release|Any CPU
		{BA80CE01-1635-4E1E-A959-19662B5D7BEF}.Release|Any CPU.Build.0 = Release|Any CPU
	EndGlobalSection
	GlobalSection(SolutionProperties) = preSolution
		HideSolutionNode = FALSE
	EndGlobalSection
	GlobalSection(ExtensibilityGlobals) = postSolution
		SolutionGuid = {7F77CB33-5761-4300-957E-FB979F3785FD}
	EndGlobalSection
EndGlobal
