
Microsoft Visual Studio Solution File, Format Version 12.00
# Visual Studio Version 17
VisualStudioVersion = 17.8.34322.80
MinimumVisualStudioVersion = 10.0.40219.1
Project("{FAE04EC0-301F-11D3-BF4B-00C04F79EFBC}") = "mobile1", "mobile1\mobile1.csproj", "{8ED3D421-A4C8-441C-8020-528534DB9CDC}"
EndProject
Global
	GlobalSection(SolutionConfigurationPlatforms) = preSolution
		Debug|Any CPU = Debug|Any CPU
		Release|Any CPU = Release|Any CPU
	EndGlobalSection
	GlobalSection(ProjectConfigurationPlatforms) = postSolution
		{8ED3D421-A4C8-441C-8020-528534DB9CDC}.Debug|Any CPU.ActiveCfg = Debug|Any CPU
		{8ED3D421-A4C8-441C-8020-528534DB9CDC}.Debug|Any CPU.Build.0 = Debug|Any CPU
		{8ED3D421-A4C8-441C-8020-528534DB9CDC}.Debug|Any CPU.Deploy.0 = Debug|Any CPU
		{8ED3D421-A4C8-441C-8020-528534DB9CDC}.Release|Any CPU.ActiveCfg = Release|Any CPU
		{8ED3D421-A4C8-441C-8020-528534DB9CDC}.Release|Any CPU.Build.0 = Release|Any CPU
		{8ED3D421-A4C8-441C-8020-528534DB9CDC}.Release|Any CPU.Deploy.0 = Release|Any CPU
	EndGlobalSection
	GlobalSection(SolutionProperties) = preSolution
		HideSolutionNode = FALSE
	EndGlobalSection
	GlobalSection(ExtensibilityGlobals) = postSolution
		SolutionGuid = {EE72788E-2DE2-4652-83A1-78EF53E93745}
	EndGlobalSection
EndGlobal
