
Microsoft Visual Studio Solution File, Format Version 12.00
# Visual Studio Version 17
VisualStudioVersion = 17.8.34322.80
MinimumVisualStudioVersion = 10.0.40219.1
Project("{FAE04EC0-301F-11D3-BF4B-00C04F79EFBC}") = "heroes", "heroes\heroes.csproj", "{CCB38599-2864-4508-AB4C-7981B9E90732}"
EndProject
Global
	GlobalSection(SolutionConfigurationPlatforms) = preSolution
		Debug|Any CPU = Debug|Any CPU
		Release|Any CPU = Release|Any CPU
	EndGlobalSection
	GlobalSection(ProjectConfigurationPlatforms) = postSolution
		{CCB38599-2864-4508-AB4C-7981B9E90732}.Debug|Any CPU.ActiveCfg = Debug|Any CPU
		{CCB38599-2864-4508-AB4C-7981B9E90732}.Debug|Any CPU.Build.0 = Debug|Any CPU
		{CCB38599-2864-4508-AB4C-7981B9E90732}.Release|Any CPU.ActiveCfg = Release|Any CPU
		{CCB38599-2864-4508-AB4C-7981B9E90732}.Release|Any CPU.Build.0 = Release|Any CPU
	EndGlobalSection
	GlobalSection(SolutionProperties) = preSolution
		HideSolutionNode = FALSE
	EndGlobalSection
	GlobalSection(ExtensibilityGlobals) = postSolution
		SolutionGuid = {063FC51B-3E60-45EA-914F-146D37516F76}
	EndGlobalSection
EndGlobal
