
Microsoft Visual Studio Solution File, Format Version 12.00
# Visual Studio Version 17
VisualStudioVersion = 17.8.34322.80
MinimumVisualStudioVersion = 10.0.40219.1
Project("{FAE04EC0-301F-11D3-BF4B-00C04F79EFBC}") = "ConsoleApp1", "ConsoleApp1\ConsoleApp1.csproj", "{D10B94DD-2EAC-4E73-B3B0-257DCA22C492}"
EndProject
Global
	GlobalSection(SolutionConfigurationPlatforms) = preSolution
		Debug|Any CPU = Debug|Any CPU
		Release|Any CPU = Release|Any CPU
	EndGlobalSection
	GlobalSection(ProjectConfigurationPlatforms) = postSolution
		{D10B94DD-2EAC-4E73-B3B0-257DCA22C492}.Debug|Any CPU.ActiveCfg = Debug|Any CPU
		{D10B94DD-2EAC-4E73-B3B0-257DCA22C492}.Debug|Any CPU.Build.0 = Debug|Any CPU
		{D10B94DD-2EAC-4E73-B3B0-257DCA22C492}.Release|Any CPU.ActiveCfg = Release|Any CPU
		{D10B94DD-2EAC-4E73-B3B0-257DCA22C492}.Release|Any CPU.Build.0 = Release|Any CPU
	EndGlobalSection
	GlobalSection(SolutionProperties) = preSolution
		HideSolutionNode = FALSE
	EndGlobalSection
	GlobalSection(ExtensibilityGlobals) = postSolution
		SolutionGuid = {0ED1C4C8-92DD-475B-B18B-1A2881474BED}
	EndGlobalSection
EndGlobal
