
Microsoft Visual Studio Solution File, Format Version 12.00
# Visual Studio Version 17
VisualStudioVersion = 17.8.34322.80
MinimumVisualStudioVersion = 10.0.40219.1
Project("{888888A0-9F3D-457C-B088-3A5042F75D52}") = "TelegramBOT", "TelegramBOT\TelegramBOT.pyproj", "{6FE0439E-4117-413A-9AA7-F53D20547B6A}"
EndProject
Global
	GlobalSection(SolutionConfigurationPlatforms) = preSolution
		Debug|Any CPU = Debug|Any CPU
		Release|Any CPU = Release|Any CPU
	EndGlobalSection
	GlobalSection(ProjectConfigurationPlatforms) = postSolution
		{6FE0439E-4117-413A-9AA7-F53D20547B6A}.Debug|Any CPU.ActiveCfg = Debug|Any CPU
		{6FE0439E-4117-413A-9AA7-F53D20547B6A}.Release|Any CPU.ActiveCfg = Release|Any CPU
	EndGlobalSection
	GlobalSection(SolutionProperties) = preSolution
		HideSolutionNode = FALSE
	EndGlobalSection
	GlobalSection(ExtensibilityGlobals) = postSolution
		SolutionGuid = {DB82C66F-5412-4A30-890B-06E895FFDB80}
	EndGlobalSection
EndGlobal
